
Microsoft Visual Studio Solution File, Format Version 12.00
# Visual Studio Version 17
VisualStudioVersion = 17.1.32421.90
MinimumVisualStudioVersion = 10.0.40219.1
Project("{FAE04EC0-301F-11D3-BF4B-00C04F79EFBC}") = "WebDriverProject", "WebDriverProject\WebDriverProject.csproj", "{46425A7D-0859-4A32-B31F-1749C40DFFFE}"
EndProject
Global
	GlobalSection(SolutionConfigurationPlatforms) = preSolution
		Debug|Any CPU = Debug|Any CPU
		Release|Any CPU = Release|Any CPU
	EndGlobalSection
	GlobalSection(ProjectConfigurationPlatforms) = postSolution
		{46425A7D-0859-4A32-B31F-1749C40DFFFE}.Debug|Any CPU.ActiveCfg = Debug|Any CPU
		{46425A7D-0859-4A32-B31F-1749C40DFFFE}.Debug|Any CPU.Build.0 = Debug|Any CPU
		{46425A7D-0859-4A32-B31F-1749C40DFFFE}.Release|Any CPU.ActiveCfg = Release|Any CPU
		{46425A7D-0859-4A32-B31F-1749C40DFFFE}.Release|Any CPU.Build.0 = Release|Any CPU
	EndGlobalSection
	GlobalSection(SolutionProperties) = preSolution
		HideSolutionNode = FALSE
	EndGlobalSection
	GlobalSection(ExtensibilityGlobals) = postSolution
		SolutionGuid = {C0BD0AF4-1E84-4134-ACFD-0365C580F3AD}
	EndGlobalSection
EndGlobal
